# This file is automatically @generated by Cargo.
# It is not intended for manual editing.
version = 4

[[package]]
name = "bus-broker"
version = "0.1.0"
dependencies = [
 "bus-policy",
 "bus-protocol",
]

[[package]]
name = "bus-client"
version = "0.1.0"
dependencies = [
 "bus-protocol",
 "bus-transport-unix",
]

[[package]]
name = "bus-policy"
version = "0.1.0"
dependencies = [
 "bus-protocol",
]

[[package]]
name = "bus-protocol"
version = "0.1.0"

[[package]]
name = "bus-transport-unix"
version = "0.1.0"

[[package]]
name = "busd"
version = "0.1.0"
dependencies = [
 "bus-broker",
 "bus-client",
 "bus-policy",
 "bus-transport-unix",
]
